
Microsoft Visual Studio Solution File, Format Version 12.00
# Visual Studio Version 16
VisualStudioVersion = 16.0.33130.400
MinimumVisualStudioVersion = 10.0.40219.1
Project("{9A19103F-16F7-4668-BE54-9A1E7A4F7556}") = "sample", "sample\sample.csproj", "{C3D66C01-55EC-4D99-82B1-DAD9E726EB3D}"
EndProject
Global
	GlobalSection(SolutionConfigurationPlatforms) = preSolution
		Debug|Any CPU = Debug|Any CPU
		Release|Any CPU = Release|Any CPU
	EndGlobalSection
	GlobalSection(ProjectConfigurationPlatforms) = postSolution
		{C3D66C01-55EC-4D99-82B1-DAD9E726EB3D}.Debug|Any CPU.ActiveCfg = Debug|Any CPU
		{C3D66C01-55EC-4D99-82B1-DAD9E726EB3D}.Debug|Any CPU.Build.0 = Debug|Any CPU
		{C3D66C01-55EC-4D99-82B1-DAD9E726EB3D}.Release|Any CPU.ActiveCfg = Release|Any CPU
		{C3D66C01-55EC-4D99-82B1-DAD9E726EB3D}.Release|Any CPU.Build.0 = Release|Any CPU
	EndGlobalSection
	GlobalSection(SolutionProperties) = preSolution
		HideSolutionNode = FALSE
	EndGlobalSection
	GlobalSection(ExtensibilityGlobals) = postSolution
		SolutionGuid = {B4A4B5EC-9494-4848-8AF8-432C7A3EA03F}
	EndGlobalSection
EndGlobal
