
Microsoft Visual Studio Solution File, Format Version 12.00
# Visual Studio Version 16
VisualStudioVersion = 16.0.33130.400
MinimumVisualStudioVersion = 10.0.40219.1
Project("{9A19103F-16F7-4668-BE54-9A1E7A4F7556}") = "sample", "sample.csproj", "{D29C8D12-3992-40CD-9E01-610F6F1A109E}"
EndProject
Global
	GlobalSection(SolutionConfigurationPlatforms) = preSolution
		Debug|Any CPU = Debug|Any CPU
		Release|Any CPU = Release|Any CPU
	EndGlobalSection
	GlobalSection(ProjectConfigurationPlatforms) = postSolution
		{D29C8D12-3992-40CD-9E01-610F6F1A109E}.Debug|Any CPU.ActiveCfg = Debug|Any CPU
		{D29C8D12-3992-40CD-9E01-610F6F1A109E}.Debug|Any CPU.Build.0 = Debug|Any CPU
		{D29C8D12-3992-40CD-9E01-610F6F1A109E}.Release|Any CPU.ActiveCfg = Release|Any CPU
		{D29C8D12-3992-40CD-9E01-610F6F1A109E}.Release|Any CPU.Build.0 = Release|Any CPU
	EndGlobalSection
	GlobalSection(SolutionProperties) = preSolution
		HideSolutionNode = FALSE
	EndGlobalSection
	GlobalSection(ExtensibilityGlobals) = postSolution
		SolutionGuid = {B4A4B5EC-9494-4848-8AF8-432C7A3EA03F}
	EndGlobalSection
EndGlobal
